{
  "name": "@gammastream/scully-plugin-sitemap",
  "version": "0.0.5",
  "lockfileVersion": 1,
  "requires": true,
  "dependencies": {
    "@types/node": {
      "version": "7.10.10",
      "resolved": "https://registry.npmjs.org/@types/node/-/node-7.10.10.tgz",
      "integrity": "sha512-gvuWz7pNex4xCFqk/2Z/x1J4AO7kZxgv4iSZH0dwZHYiFuO7rQr06xnBoiarrd8bcOxlqQCFv7MsKcAVq3FFfQ==",
      "dev": true
    },
    "path-to-regexp": {
      "version": "0.1.7",
      "resolved": "https://registry.npmjs.org/path-to-regexp/-/path-to-regexp-0.1.7.tgz",
      "integrity": "sha1-32BBeABfUi8V60SQ5yR6G/qmf4w=",
      "dev": true
    },
    "xmlbuilder": {
      "version": "13.0.2",
      "resolved": "https://registry.npmjs.org/xmlbuilder/-/xmlbuilder-13.0.2.tgz",
      "integrity": "sha512-Eux0i2QdDYKbdbA6AM6xE4m6ZTZr4G4xF9kahI2ukSEMCzwce2eX9WlTI5J3s+NU7hpasFsr8hWIONae7LluAQ==",
      "dev": true
    }
  }
}
